
Microsoft Visual Studio Solution File, Format Version 11.00
# Visual Studio 2010
Project("{FAE04EC0-301F-11D3-BF4B-00C04F79EFBC}") = "MvcBiblioteca", "MvcBiblioteca\MvcBiblioteca.csproj", "{0B845F71-529F-45C1-B2DC-86EEA5A6EFEC}"
EndProject
Project("{FAE04EC0-301F-11D3-BF4B-00C04F79EFBC}") = "Biblioteca.Dominio", "Biblioteca.Dominio\Biblioteca.Dominio.csproj", "{27902AF0-4AD3-4661-A174-194A632905A7}"
EndProject
Project("{FAE04EC0-301F-11D3-BF4B-00C04F79EFBC}") = "Biblioteca.DataAccess", "Biblioteca.DataAccess\Biblioteca.DataAccess.csproj", "{154A062D-E4E5-4471-AFB3-23A6DA463EBD}"
EndProject
Project("{FAE04EC0-301F-11D3-BF4B-00C04F79EFBC}") = "ExemploEntity.Dominio", "ExemploEntity.Dominio\ExemploEntity.Dominio.csproj", "{CED69B9F-D757-449F-9E30-B653B0DFB6F4}"
EndProject
Project("{FAE04EC0-301F-11D3-BF4B-00C04F79EFBC}") = "PrimeiraAplicacaoEntity", "PrimeiraAplicacaoEntity\PrimeiraAplicacaoEntity.csproj", "{626E13EC-6617-4DFF-B1E5-1301B81D7AE9}"
EndProject
Project("{FAE04EC0-301F-11D3-BF4B-00C04F79EFBC}") = "MVCBibliotecaTestes", "MVCBibliotecaTestes\MVCBibliotecaTestes.csproj", "{2890704B-EFCD-4CFB-9E99-AFFCFCB09BCF}"
EndProject
Global
	GlobalSection(SolutionConfigurationPlatforms) = preSolution
		Debug|Any CPU = Debug|Any CPU
		Debug|Mixed Platforms = Debug|Mixed Platforms
		Debug|x86 = Debug|x86
		Release|Any CPU = Release|Any CPU
		Release|Mixed Platforms = Release|Mixed Platforms
		Release|x86 = Release|x86
	EndGlobalSection
	GlobalSection(ProjectConfigurationPlatforms) = postSolution
		{0B845F71-529F-45C1-B2DC-86EEA5A6EFEC}.Debug|Any CPU.ActiveCfg = Debug|Any CPU
		{0B845F71-529F-45C1-B2DC-86EEA5A6EFEC}.Debug|Any CPU.Build.0 = Debug|Any CPU
		{0B845F71-529F-45C1-B2DC-86EEA5A6EFEC}.Debug|Mixed Platforms.ActiveCfg = Debug|Any CPU
		{0B845F71-529F-45C1-B2DC-86EEA5A6EFEC}.Debug|Mixed Platforms.Build.0 = Debug|Any CPU
		{0B845F71-529F-45C1-B2DC-86EEA5A6EFEC}.Debug|x86.ActiveCfg = Debug|Any CPU
		{0B845F71-529F-45C1-B2DC-86EEA5A6EFEC}.Release|Any CPU.ActiveCfg = Release|Any CPU
		{0B845F71-529F-45C1-B2DC-86EEA5A6EFEC}.Release|Any CPU.Build.0 = Release|Any CPU
		{0B845F71-529F-45C1-B2DC-86EEA5A6EFEC}.Release|Mixed Platforms.ActiveCfg = Release|Any CPU
		{0B845F71-529F-45C1-B2DC-86EEA5A6EFEC}.Release|Mixed Platforms.Build.0 = Release|Any CPU
		{0B845F71-529F-45C1-B2DC-86EEA5A6EFEC}.Release|x86.ActiveCfg = Release|Any CPU
		{27902AF0-4AD3-4661-A174-194A632905A7}.Debug|Any CPU.ActiveCfg = Debug|Any CPU
		{27902AF0-4AD3-4661-A174-194A632905A7}.Debug|Any CPU.Build.0 = Debug|Any CPU
		{27902AF0-4AD3-4661-A174-194A632905A7}.Debug|Mixed Platforms.ActiveCfg = Debug|Any CPU
		{27902AF0-4AD3-4661-A174-194A632905A7}.Debug|Mixed Platforms.Build.0 = Debug|Any CPU
		{27902AF0-4AD3-4661-A174-194A632905A7}.Debug|x86.ActiveCfg = Debug|Any CPU
		{27902AF0-4AD3-4661-A174-194A632905A7}.Release|Any CPU.ActiveCfg = Release|Any CPU
		{27902AF0-4AD3-4661-A174-194A632905A7}.Release|Any CPU.Build.0 = Release|Any CPU
		{27902AF0-4AD3-4661-A174-194A632905A7}.Release|Mixed Platforms.ActiveCfg = Release|Any CPU
		{27902AF0-4AD3-4661-A174-194A632905A7}.Release|Mixed Platforms.Build.0 = Release|Any CPU
		{27902AF0-4AD3-4661-A174-194A632905A7}.Release|x86.ActiveCfg = Release|Any CPU
		{154A062D-E4E5-4471-AFB3-23A6DA463EBD}.Debug|Any CPU.ActiveCfg = Debug|Any CPU
		{154A062D-E4E5-4471-AFB3-23A6DA463EBD}.Debug|Any CPU.Build.0 = Debug|Any CPU
		{154A062D-E4E5-4471-AFB3-23A6DA463EBD}.Debug|Mixed Platforms.ActiveCfg = Debug|Any CPU
		{154A062D-E4E5-4471-AFB3-23A6DA463EBD}.Debug|Mixed Platforms.Build.0 = Debug|Any CPU
		{154A062D-E4E5-4471-AFB3-23A6DA463EBD}.Debug|x86.ActiveCfg = Debug|Any CPU
		{154A062D-E4E5-4471-AFB3-23A6DA463EBD}.Release|Any CPU.ActiveCfg = Release|Any CPU
		{154A062D-E4E5-4471-AFB3-23A6DA463EBD}.Release|Any CPU.Build.0 = Release|Any CPU
		{154A062D-E4E5-4471-AFB3-23A6DA463EBD}.Release|Mixed Platforms.ActiveCfg = Release|Any CPU
		{154A062D-E4E5-4471-AFB3-23A6DA463EBD}.Release|Mixed Platforms.Build.0 = Release|Any CPU
		{154A062D-E4E5-4471-AFB3-23A6DA463EBD}.Release|x86.ActiveCfg = Release|Any CPU
		{CED69B9F-D757-449F-9E30-B653B0DFB6F4}.Debug|Any CPU.ActiveCfg = Debug|Any CPU
		{CED69B9F-D757-449F-9E30-B653B0DFB6F4}.Debug|Any CPU.Build.0 = Debug|Any CPU
		{CED69B9F-D757-449F-9E30-B653B0DFB6F4}.Debug|Mixed Platforms.ActiveCfg = Debug|Any CPU
		{CED69B9F-D757-449F-9E30-B653B0DFB6F4}.Debug|Mixed Platforms.Build.0 = Debug|Any CPU
		{CED69B9F-D757-449F-9E30-B653B0DFB6F4}.Debug|x86.ActiveCfg = Debug|Any CPU
		{CED69B9F-D757-449F-9E30-B653B0DFB6F4}.Release|Any CPU.ActiveCfg = Release|Any CPU
		{CED69B9F-D757-449F-9E30-B653B0DFB6F4}.Release|Any CPU.Build.0 = Release|Any CPU
		{CED69B9F-D757-449F-9E30-B653B0DFB6F4}.Release|Mixed Platforms.ActiveCfg = Release|Any CPU
		{CED69B9F-D757-449F-9E30-B653B0DFB6F4}.Release|Mixed Platforms.Build.0 = Release|Any CPU
		{CED69B9F-D757-449F-9E30-B653B0DFB6F4}.Release|x86.ActiveCfg = Release|Any CPU
		{626E13EC-6617-4DFF-B1E5-1301B81D7AE9}.Debug|Any CPU.ActiveCfg = Debug|x86
		{626E13EC-6617-4DFF-B1E5-1301B81D7AE9}.Debug|Any CPU.Build.0 = Debug|x86
		{626E13EC-6617-4DFF-B1E5-1301B81D7AE9}.Debug|Mixed Platforms.ActiveCfg = Debug|x86
		{626E13EC-6617-4DFF-B1E5-1301B81D7AE9}.Debug|Mixed Platforms.Build.0 = Debug|x86
		{626E13EC-6617-4DFF-B1E5-1301B81D7AE9}.Debug|x86.ActiveCfg = Debug|x86
		{626E13EC-6617-4DFF-B1E5-1301B81D7AE9}.Debug|x86.Build.0 = Debug|x86
		{626E13EC-6617-4DFF-B1E5-1301B81D7AE9}.Release|Any CPU.ActiveCfg = Release|x86
		{626E13EC-6617-4DFF-B1E5-1301B81D7AE9}.Release|Mixed Platforms.ActiveCfg = Release|x86
		{626E13EC-6617-4DFF-B1E5-1301B81D7AE9}.Release|Mixed Platforms.Build.0 = Release|x86
		{626E13EC-6617-4DFF-B1E5-1301B81D7AE9}.Release|x86.ActiveCfg = Release|x86
		{626E13EC-6617-4DFF-B1E5-1301B81D7AE9}.Release|x86.Build.0 = Release|x86
		{2890704B-EFCD-4CFB-9E99-AFFCFCB09BCF}.Debug|Any CPU.ActiveCfg = Debug|x86
		{2890704B-EFCD-4CFB-9E99-AFFCFCB09BCF}.Debug|Any CPU.Build.0 = Debug|x86
		{2890704B-EFCD-4CFB-9E99-AFFCFCB09BCF}.Debug|Mixed Platforms.ActiveCfg = Debug|x86
		{2890704B-EFCD-4CFB-9E99-AFFCFCB09BCF}.Debug|Mixed Platforms.Build.0 = Debug|x86
		{2890704B-EFCD-4CFB-9E99-AFFCFCB09BCF}.Debug|x86.ActiveCfg = Debug|x86
		{2890704B-EFCD-4CFB-9E99-AFFCFCB09BCF}.Debug|x86.Build.0 = Debug|x86
		{2890704B-EFCD-4CFB-9E99-AFFCFCB09BCF}.Release|Any CPU.ActiveCfg = Release|x86
		{2890704B-EFCD-4CFB-9E99-AFFCFCB09BCF}.Release|Mixed Platforms.ActiveCfg = Release|x86
		{2890704B-EFCD-4CFB-9E99-AFFCFCB09BCF}.Release|Mixed Platforms.Build.0 = Release|x86
		{2890704B-EFCD-4CFB-9E99-AFFCFCB09BCF}.Release|x86.ActiveCfg = Release|x86
		{2890704B-EFCD-4CFB-9E99-AFFCFCB09BCF}.Release|x86.Build.0 = Release|x86
	EndGlobalSection
	GlobalSection(SolutionProperties) = preSolution
		HideSolutionNode = FALSE
	EndGlobalSection
EndGlobal
